
Microsoft Visual Studio Solution File, Format Version 12.00
# Visual Studio Version 17
VisualStudioVersion = 17.7.34024.191
MinimumVisualStudioVersion = 10.0.40219.1
Project("{9A19103F-16F7-4668-BE54-9A1E7A4F7556}") = "parsing test", "parsing test\parsing test.csproj", "{B0A75BF5-705A-4758-8192-97780615E8CC}"
EndProject
Project("{FAE04EC0-301F-11D3-BF4B-00C04F79EFBC}") = "WpfApp1", "WpfApp1\WpfApp1.csproj", "{34451DE0-60A4-44AC-B7FC-FB2D379C12A4}"
EndProject
Global
	GlobalSection(SolutionConfigurationPlatforms) = preSolution
		Debug|Any CPU = Debug|Any CPU
		Release|Any CPU = Release|Any CPU
	EndGlobalSection
	GlobalSection(ProjectConfigurationPlatforms) = postSolution
		{B0A75BF5-705A-4758-8192-97780615E8CC}.Debug|Any CPU.ActiveCfg = Debug|Any CPU
		{B0A75BF5-705A-4758-8192-97780615E8CC}.Debug|Any CPU.Build.0 = Debug|Any CPU
		{B0A75BF5-705A-4758-8192-97780615E8CC}.Release|Any CPU.ActiveCfg = Release|Any CPU
		{B0A75BF5-705A-4758-8192-97780615E8CC}.Release|Any CPU.Build.0 = Release|Any CPU
		{34451DE0-60A4-44AC-B7FC-FB2D379C12A4}.Debug|Any CPU.ActiveCfg = Debug|Any CPU
		{34451DE0-60A4-44AC-B7FC-FB2D379C12A4}.Debug|Any CPU.Build.0 = Debug|Any CPU
		{34451DE0-60A4-44AC-B7FC-FB2D379C12A4}.Release|Any CPU.ActiveCfg = Release|Any CPU
		{34451DE0-60A4-44AC-B7FC-FB2D379C12A4}.Release|Any CPU.Build.0 = Release|Any CPU
	EndGlobalSection
	GlobalSection(SolutionProperties) = preSolution
		HideSolutionNode = FALSE
	EndGlobalSection
	GlobalSection(ExtensibilityGlobals) = postSolution
		SolutionGuid = {5703901D-88CA-4EBB-880B-38951A75EC8D}
	EndGlobalSection
EndGlobal
